
Microsoft Visual Studio Solution File, Format Version 12.00
# Visual Studio Version 16
VisualStudioVersion = 16.0.29806.167
MinimumVisualStudioVersion = 10.0.40219.1
Project("{FAE04EC0-301F-11D3-BF4B-00C04F79EFBC}") = "TestBars", "TestBars\TestBars.csproj", "{66BC0C82-5473-4713-8D09-638DB171958F}"
EndProject
Project("{FAE04EC0-301F-11D3-BF4B-00C04F79EFBC}") = "TestBars.Tests", "TestBars.Tests\TestBars.Tests.csproj", "{F9043FD8-026F-427A-B805-C35ABB82C588}"
EndProject
Global
	GlobalSection(SolutionConfigurationPlatforms) = preSolution
		Debug|Any CPU = Debug|Any CPU
		Release|Any CPU = Release|Any CPU
	EndGlobalSection
	GlobalSection(ProjectConfigurationPlatforms) = postSolution
		{66BC0C82-5473-4713-8D09-638DB171958F}.Debug|Any CPU.ActiveCfg = Debug|Any CPU
		{66BC0C82-5473-4713-8D09-638DB171958F}.Debug|Any CPU.Build.0 = Debug|Any CPU
		{66BC0C82-5473-4713-8D09-638DB171958F}.Release|Any CPU.ActiveCfg = Release|Any CPU
		{66BC0C82-5473-4713-8D09-638DB171958F}.Release|Any CPU.Build.0 = Release|Any CPU
		{F9043FD8-026F-427A-B805-C35ABB82C588}.Debug|Any CPU.ActiveCfg = Debug|Any CPU
		{F9043FD8-026F-427A-B805-C35ABB82C588}.Debug|Any CPU.Build.0 = Debug|Any CPU
		{F9043FD8-026F-427A-B805-C35ABB82C588}.Release|Any CPU.ActiveCfg = Release|Any CPU
		{F9043FD8-026F-427A-B805-C35ABB82C588}.Release|Any CPU.Build.0 = Release|Any CPU
	EndGlobalSection
	GlobalSection(SolutionProperties) = preSolution
		HideSolutionNode = FALSE
	EndGlobalSection
	GlobalSection(ExtensibilityGlobals) = postSolution
		SolutionGuid = {9179CB9C-7CB6-4D33-BBDB-D929F3AE10B5}
	EndGlobalSection
EndGlobal
